
Microsoft Visual Studio Solution File, Format Version 12.00
# Visual Studio Version 17
VisualStudioVersion = 17.8.34525.116
MinimumVisualStudioVersion = 10.0.40219.1
Project("{FAE04EC0-301F-11D3-BF4B-00C04F79EFBC}") = "Periodico", "Periodico\Periodico.csproj", "{EAD18C61-CA87-4B57-9BD7-5C22B73B99B9}"
EndProject
Global
	GlobalSection(SolutionConfigurationPlatforms) = preSolution
		Debug|Any CPU = Debug|Any CPU
		Release|Any CPU = Release|Any CPU
	EndGlobalSection
	GlobalSection(ProjectConfigurationPlatforms) = postSolution
		{EAD18C61-CA87-4B57-9BD7-5C22B73B99B9}.Debug|Any CPU.ActiveCfg = Debug|Any CPU
		{EAD18C61-CA87-4B57-9BD7-5C22B73B99B9}.Debug|Any CPU.Build.0 = Debug|Any CPU
		{EAD18C61-CA87-4B57-9BD7-5C22B73B99B9}.Release|Any CPU.ActiveCfg = Release|Any CPU
		{EAD18C61-CA87-4B57-9BD7-5C22B73B99B9}.Release|Any CPU.Build.0 = Release|Any CPU
	EndGlobalSection
	GlobalSection(SolutionProperties) = preSolution
		HideSolutionNode = FALSE
	EndGlobalSection
	GlobalSection(ExtensibilityGlobals) = postSolution
		SolutionGuid = {B8B6DFF7-3A0C-46D2-9D12-99F7CBC967C8}
	EndGlobalSection
EndGlobal
